
Microsoft Visual Studio Solution File, Format Version 12.00
# Visual Studio Version 17
VisualStudioVersion = 17.0.31903.59
MinimumVisualStudioVersion = 10.0.40219.1
Project("{FAE04EC0-301F-11D3-BF4B-00C04F79EFBC}") = "Klassen", "Klassen\Klassen.csproj", "{3087E57D-BE78-45F4-9228-4089EFE038CE}"
EndProject
Project("{FAE04EC0-301F-11D3-BF4B-00C04F79EFBC}") = "simple-binary-converter-LukasHTL903", "Program\simple-binary-converter-LukasHTL903.csproj", "{5C970280-701B-46D5-B33F-614CE3A98A16}"
EndProject
Global
	GlobalSection(SolutionConfigurationPlatforms) = preSolution
		Debug|Any CPU = Debug|Any CPU
		Release|Any CPU = Release|Any CPU
	EndGlobalSection
	GlobalSection(SolutionProperties) = preSolution
		HideSolutionNode = FALSE
	EndGlobalSection
	GlobalSection(ProjectConfigurationPlatforms) = postSolution
		{3087E57D-BE78-45F4-9228-4089EFE038CE}.Debug|Any CPU.ActiveCfg = Debug|Any CPU
		{3087E57D-BE78-45F4-9228-4089EFE038CE}.Debug|Any CPU.Build.0 = Debug|Any CPU
		{3087E57D-BE78-45F4-9228-4089EFE038CE}.Release|Any CPU.ActiveCfg = Release|Any CPU
		{3087E57D-BE78-45F4-9228-4089EFE038CE}.Release|Any CPU.Build.0 = Release|Any CPU
		{5C970280-701B-46D5-B33F-614CE3A98A16}.Debug|Any CPU.ActiveCfg = Debug|Any CPU
		{5C970280-701B-46D5-B33F-614CE3A98A16}.Debug|Any CPU.Build.0 = Debug|Any CPU
		{5C970280-701B-46D5-B33F-614CE3A98A16}.Release|Any CPU.ActiveCfg = Release|Any CPU
		{5C970280-701B-46D5-B33F-614CE3A98A16}.Release|Any CPU.Build.0 = Release|Any CPU
	EndGlobalSection
EndGlobal
